
Microsoft Visual Studio Solution File, Format Version 12.00
# Visual Studio Version 17
VisualStudioVersion = 17.4.33205.214
MinimumVisualStudioVersion = 10.0.40219.1
Project("{FAE04EC0-301F-11D3-BF4B-00C04F79EFBC}") = "EFLazyLoadDatabaseApp", "EFLazyLoadDatabaseApp\EFLazyLoadDatabaseApp.csproj", "{57AF74AB-4BD4-45D5-AD19-DDE9B71C1EC2}"
EndProject
Global
	GlobalSection(SolutionConfigurationPlatforms) = preSolution
		Debug|Any CPU = Debug|Any CPU
		Release|Any CPU = Release|Any CPU
	EndGlobalSection
	GlobalSection(ProjectConfigurationPlatforms) = postSolution
		{57AF74AB-4BD4-45D5-AD19-DDE9B71C1EC2}.Debug|Any CPU.ActiveCfg = Debug|Any CPU
		{57AF74AB-4BD4-45D5-AD19-DDE9B71C1EC2}.Debug|Any CPU.Build.0 = Debug|Any CPU
		{57AF74AB-4BD4-45D5-AD19-DDE9B71C1EC2}.Release|Any CPU.ActiveCfg = Release|Any CPU
		{57AF74AB-4BD4-45D5-AD19-DDE9B71C1EC2}.Release|Any CPU.Build.0 = Release|Any CPU
	EndGlobalSection
	GlobalSection(SolutionProperties) = preSolution
		HideSolutionNode = FALSE
	EndGlobalSection
	GlobalSection(ExtensibilityGlobals) = postSolution
		SolutionGuid = {6FA9E779-021C-4596-BF51-157FC7D352BD}
	EndGlobalSection
EndGlobal
